// !$*UTF8*$!
{
	archiveVersion = 1;
	classes = {
	};
	objectVersion = 56;
	objects = {

/* Begin PBXBuildFile section */
		F19563062C808AE6005E81EC /* RestaurantsApp.swift in Sources */ = {isa = PBXBuildFile; fileRef = F19563052C808AE6005E81EC /* RestaurantsApp.swift */; };
		F19563082C808AE6005E81EC /* RestaurantsView.swift in Sources */ = {isa = PBXBuildFile; fileRef = F19563072C808AE6005E81EC /* RestaurantsView.swift */; };
		F195630A2C808AE7005E81EC /* Assets.xcassets in Resources */ = {isa = PBXBuildFile; fileRef = F19563092C808AE7005E81EC /* Assets.xcassets */; };
		F195630D2C808AE7005E81EC /* Preview Assets.xcassets in Resources */ = {isa = PBXBuildFile; fileRef = F195630C2C808AE7005E81EC /* Preview Assets.xcassets */; };
		F19563142C808B58005E81EC /* RestaurantProfileView.swift in Sources */ = {isa = PBXBuildFile; fileRef = F19563132C808B58005E81EC /* RestaurantProfileView.swift */; };
		F19563162C808B77005E81EC /* DetailView.swift in Sources */ = {isa = PBXBuildFile; fileRef = F19563152C808B77005E81EC /* DetailView.swift */; };
		F19563182C808BA4005E81EC /* DataService.swift in Sources */ = {isa = PBXBuildFile; fileRef = F19563172C808BA4005E81EC /* DataService.swift */; };
		F19563212C808C56005E81EC /* Restaurant.swift in Sources */ = {isa = PBXBuildFile; fileRef = F19563202C808C56005E81EC /* Restaurant.swift */; };
		F19563232C808DF3005E81EC /* MenuItem.swift in Sources */ = {isa = PBXBuildFile; fileRef = F19563222C808DF3005E81EC /* MenuItem.swift */; };
		F19563272C809121005E81EC /* ResutarantData.txt in Resources */ = {isa = PBXBuildFile; fileRef = F19563262C809121005E81EC /* ResutarantData.txt */; };
		F195632B2C81A747005E81EC /* GlutenView.swift in Sources */ = {isa = PBXBuildFile; fileRef = F195632A2C81A747005E81EC /* GlutenView.swift */; };
		F195632D2C81B64D005E81EC /* IngredientsListView.swift in Sources */ = {isa = PBXBuildFile; fileRef = F195632C2C81B64D005E81EC /* IngredientsListView.swift */; };
		F195632F2C81B9F9005E81EC /* RestaurantCardView.swift in Sources */ = {isa = PBXBuildFile; fileRef = F195632E2C81B9F9005E81EC /* RestaurantCardView.swift */; };
/* End PBXBuildFile section */

/* Begin PBXFileReference section */
		F19563022C808AE6005E81EC /* Restaurants.app */ = {isa = PBXFileReference; explicitFileType = wrapper.application; includeInIndex = 0; path = Restaurants.app; sourceTree = BUILT_PRODUCTS_DIR; };
		F19563052C808AE6005E81EC /* RestaurantsApp.swift */ = {isa = PBXFileReference; lastKnownFileType = sourcecode.swift; path = RestaurantsApp.swift; sourceTree = "<group>"; };
		F19563072C808AE6005E81EC /* RestaurantsView.swift */ = {isa = PBXFileReference; lastKnownFileType = sourcecode.swift; path = RestaurantsView.swift; sourceTree = "<group>"; };
		F19563092C808AE7005E81EC /* Assets.xcassets */ = {isa = PBXFileReference; lastKnownFileType = folder.assetcatalog; path = Assets.xcassets; sourceTree = "<group>"; };
		F195630C2C808AE7005E81EC /* Preview Assets.xcassets */ = {isa = PBXFileReference; lastKnownFileType = folder.assetcatalog; path = "Preview Assets.xcassets"; sourceTree = "<group>"; };
		F19563132C808B58005E81EC /* RestaurantProfileView.swift */ = {isa = PBXFileReference; lastKnownFileType = sourcecode.swift; path = RestaurantProfileView.swift; sourceTree = "<group>"; };
		F19563152C808B77005E81EC /* DetailView.swift */ = {isa = PBXFileReference; lastKnownFileType = sourcecode.swift; path = DetailView.swift; sourceTree = "<group>"; };
		F19563172C808BA4005E81EC /* DataService.swift */ = {isa = PBXFileReference; lastKnownFileType = sourcecode.swift; path = DataService.swift; sourceTree = "<group>"; };
		F19563202C808C56005E81EC /* Restaurant.swift */ = {isa = PBXFileReference; lastKnownFileType = sourcecode.swift; path = Restaurant.swift; sourceTree = "<group>"; };
		F19563222C808DF3005E81EC /* MenuItem.swift */ = {isa = PBXFileReference; lastKnownFileType = sourcecode.swift; path = MenuItem.swift; sourceTree = "<group>"; };
		F19563262C809121005E81EC /* ResutarantData.txt */ = {isa = PBXFileReference; fileEncoding = 4; lastKnownFileType = text; path = ResutarantData.txt; sourceTree = "<group>"; };
		F195632A2C81A747005E81EC /* GlutenView.swift */ = {isa = PBXFileReference; lastKnownFileType = sourcecode.swift; path = GlutenView.swift; sourceTree = "<group>"; };
		F195632C2C81B64D005E81EC /* IngredientsListView.swift */ = {isa = PBXFileReference; lastKnownFileType = sourcecode.swift; path = IngredientsListView.swift; sourceTree = "<group>"; };
		F195632E2C81B9F9005E81EC /* RestaurantCardView.swift */ = {isa = PBXFileReference; lastKnownFileType = sourcecode.swift; path = RestaurantCardView.swift; sourceTree = "<group>"; };
/* End PBXFileReference section */

/* Begin PBXFrameworksBuildPhase section */
		F19562FF2C808AE6005E81EC /* Frameworks */ = {
			isa = PBXFrameworksBuildPhase;
			buildActionMask = 2147483647;
			files = (
			);
			runOnlyForDeploymentPostprocessing = 0;
		};
/* End PBXFrameworksBuildPhase section */

/* Begin PBXGroup section */
		F19562F92C808AE6005E81EC = {
			isa = PBXGroup;
			children = (
				F19563042C808AE6005E81EC /* Restaurants */,
				F19563032C808AE6005E81EC /* Products */,
			);
			sourceTree = "<group>";
		};
		F19563032C808AE6005E81EC /* Products */ = {
			isa = PBXGroup;
			children = (
				F19563022C808AE6005E81EC /* Restaurants.app */,
			);
			name = Products;
			sourceTree = "<group>";
		};
		F19563042C808AE6005E81EC /* Restaurants */ = {
			isa = PBXGroup;
			children = (
				F195631A2C808C03005E81EC /* App */,
				F195631B2C808C06005E81EC /* Core */,
				F195631F2C808C41005E81EC /* Models */,
				F19563252C808E0D005E81EC /* Helpers */,
				F19563192C808BFD005E81EC /* Services */,
				F19563092C808AE7005E81EC /* Assets.xcassets */,
				F19563262C809121005E81EC /* ResutarantData.txt */,
				F195630B2C808AE7005E81EC /* Preview Content */,
			);
			path = Restaurants;
			sourceTree = "<group>";
		};
		F195630B2C808AE7005E81EC /* Preview Content */ = {
			isa = PBXGroup;
			children = (
				F195630C2C808AE7005E81EC /* Preview Assets.xcassets */,
			);
			path = "Preview Content";
			sourceTree = "<group>";
		};
		F19563192C808BFD005E81EC /* Services */ = {
			isa = PBXGroup;
			children = (
				F19563172C808BA4005E81EC /* DataService.swift */,
			);
			path = Services;
			sourceTree = "<group>";
		};
		F195631A2C808C03005E81EC /* App */ = {
			isa = PBXGroup;
			children = (
				F19563052C808AE6005E81EC /* RestaurantsApp.swift */,
			);
			path = App;
			sourceTree = "<group>";
		};
		F195631B2C808C06005E81EC /* Core */ = {
			isa = PBXGroup;
			children = (
				F19563292C81A72D005E81EC /* Components */,
				F195631E2C808C27005E81EC /* Detail */,
				F195631C2C808C1B005E81EC /* Restaurants */,
				F195631D2C808C21005E81EC /* RestaurantsProfile */,
			);
			path = Core;
			sourceTree = "<group>";
		};
		F195631C2C808C1B005E81EC /* Restaurants */ = {
			isa = PBXGroup;
			children = (
				F19563072C808AE6005E81EC /* RestaurantsView.swift */,
			);
			path = Restaurants;
			sourceTree = "<group>";
		};
		F195631D2C808C21005E81EC /* RestaurantsProfile */ = {
			isa = PBXGroup;
			children = (
				F19563132C808B58005E81EC /* RestaurantProfileView.swift */,
			);
			path = RestaurantsProfile;
			sourceTree = "<group>";
		};
		F195631E2C808C27005E81EC /* Detail */ = {
			isa = PBXGroup;
			children = (
				F19563152C808B77005E81EC /* DetailView.swift */,
			);
			path = Detail;
			sourceTree = "<group>";
		};
		F195631F2C808C41005E81EC /* Models */ = {
			isa = PBXGroup;
			children = (
				F19563202C808C56005E81EC /* Restaurant.swift */,
				F19563222C808DF3005E81EC /* MenuItem.swift */,
			);
			path = Models;
			sourceTree = "<group>";
		};
		F19563252C808E0D005E81EC /* Helpers */ = {
			isa = PBXGroup;
			children = (
			);
			path = Helpers;
			sourceTree = "<group>";
		};
		F19563292C81A72D005E81EC /* Components */ = {
			isa = PBXGroup;
			children = (
				F195632A2C81A747005E81EC /* GlutenView.swift */,
				F195632C2C81B64D005E81EC /* IngredientsListView.swift */,
				F195632E2C81B9F9005E81EC /* RestaurantCardView.swift */,
			);
			path = Components;
			sourceTree = "<group>";
		};
/* End PBXGroup section */

/* Begin PBXNativeTarget section */
		F19563012C808AE6005E81EC /* Restaurants */ = {
			isa = PBXNativeTarget;
			buildConfigurationList = F19563102C808AE7005E81EC /* Build configuration list for PBXNativeTarget "Restaurants" */;
			buildPhases = (
				F19562FE2C808AE6005E81EC /* Sources */,
				F19562FF2C808AE6005E81EC /* Frameworks */,
				F19563002C808AE6005E81EC /* Resources */,
			);
			buildRules = (
			);
			dependencies = (
			);
			name = Restaurants;
			productName = Restaurants;
			productReference = F19563022C808AE6005E81EC /* Restaurants.app */;
			productType = "com.apple.product-type.application";
		};
/* End PBXNativeTarget section */

/* Begin PBXProject section */
		F19562FA2C808AE6005E81EC /* Project object */ = {
			isa = PBXProject;
			attributes = {
				BuildIndependentTargetsInParallel = 1;
				LastSwiftUpdateCheck = 1540;
				LastUpgradeCheck = 1540;
				TargetAttributes = {
					F19563012C808AE6005E81EC = {
						CreatedOnToolsVersion = 15.4;
					};
				};
			};
			buildConfigurationList = F19562FD2C808AE6005E81EC /* Build configuration list for PBXProject "Restaurants" */;
			compatibilityVersion = "Xcode 14.0";
			developmentRegion = en;
			hasScannedForEncodings = 0;
			knownRegions = (
				en,
				Base,
			);
			mainGroup = F19562F92C808AE6005E81EC;
			productRefGroup = F19563032C808AE6005E81EC /* Products */;
			projectDirPath = "";
			projectRoot = "";
			targets = (
				F19563012C808AE6005E81EC /* Restaurants */,
			);
		};
/* End PBXProject section */

/* Begin PBXResourcesBuildPhase section */
		F19563002C808AE6005E81EC /* Resources */ = {
			isa = PBXResourcesBuildPhase;
			buildActionMask = 2147483647;
			files = (
				F195630D2C808AE7005E81EC /* Preview Assets.xcassets in Resources */,
				F19563272C809121005E81EC /* ResutarantData.txt in Resources */,
				F195630A2C808AE7005E81EC /* Assets.xcassets in Resources */,
			);
			runOnlyForDeploymentPostprocessing = 0;
		};
/* End PBXResourcesBuildPhase section */

/* Begin PBXSourcesBuildPhase section */
		F19562FE2C808AE6005E81EC /* Sources */ = {
			isa = PBXSourcesBuildPhase;
			buildActionMask = 2147483647;
			files = (
				F195632D2C81B64D005E81EC /* IngredientsListView.swift in Sources */,
				F19563232C808DF3005E81EC /* MenuItem.swift in Sources */,
				F19563082C808AE6005E81EC /* RestaurantsView.swift in Sources */,
				F19563162C808B77005E81EC /* DetailView.swift in Sources */,
				F19563212C808C56005E81EC /* Restaurant.swift in Sources */,
				F195632F2C81B9F9005E81EC /* RestaurantCardView.swift in Sources */,
				F19563062C808AE6005E81EC /* RestaurantsApp.swift in Sources */,
				F195632B2C81A747005E81EC /* GlutenView.swift in Sources */,
				F19563142C808B58005E81EC /* RestaurantProfileView.swift in Sources */,
				F19563182C808BA4005E81EC /* DataService.swift in Sources */,
			);
			runOnlyForDeploymentPostprocessing = 0;
		};
/* End PBXSourcesBuildPhase section */

/* Begin XCBuildConfiguration section */
		F195630E2C808AE7005E81EC /* Debug */ = {
			isa = XCBuildConfiguration;
			buildSettings = {
				ALWAYS_SEARCH_USER_PATHS = NO;
				ASSETCATALOG_COMPILER_GENERATE_SWIFT_ASSET_SYMBOL_EXTENSIONS = YES;
				CLANG_ANALYZER_NONNULL = YES;
				CLANG_ANALYZER_NUMBER_OBJECT_CONVERSION = YES_AGGRESSIVE;
				CLANG_CXX_LANGUAGE_STANDARD = "gnu++20";
				CLANG_ENABLE_MODULES = YES;
				CLANG_ENABLE_OBJC_ARC = YES;
				CLANG_ENABLE_OBJC_WEAK = YES;
				CLANG_WARN_BLOCK_CAPTURE_AUTORELEASING = YES;
				CLANG_WARN_BOOL_CONVERSION = YES;
				CLANG_WARN_COMMA = YES;
				CLANG_WARN_CONSTANT_CONVERSION = YES;
				CLANG_WARN_DEPRECATED_OBJC_IMPLEMENTATIONS = YES;
				CLANG_WARN_DIRECT_OBJC_ISA_USAGE = YES_ERROR;
				CLANG_WARN_DOCUMENTATION_COMMENTS = YES;
				CLANG_WARN_EMPTY_BODY = YES;
				CLANG_WARN_ENUM_CONVERSION = YES;
				CLANG_WARN_INFINITE_RECURSION = YES;
				CLANG_WARN_INT_CONVERSION = YES;
				CLANG_WARN_NON_LITERAL_NULL_CONVERSION = YES;
				CLANG_WARN_OBJC_IMPLICIT_RETAIN_SELF = YES;
				CLANG_WARN_OBJC_LITERAL_CONVERSION = YES;
				CLANG_WARN_OBJC_ROOT_CLASS = YES_ERROR;
				CLANG_WARN_QUOTED_INCLUDE_IN_FRAMEWORK_HEADER = YES;
				CLANG_WARN_RANGE_LOOP_ANALYSIS = YES;
				CLANG_WARN_STRICT_PROTOTYPES = YES;
				CLANG_WARN_SUSPICIOUS_MOVE = YES;
				CLANG_WARN_UNGUARDED_AVAILABILITY = YES_AGGRESSIVE;
				CLANG_WARN_UNREACHABLE_CODE = YES;
				CLANG_WARN__DUPLICATE_METHOD_MATCH = YES;
				COPY_PHASE_STRIP = NO;
				DEBUG_INFORMATION_FORMAT = dwarf;
				ENABLE_STRICT_OBJC_MSGSEND = YES;
				ENABLE_TESTABILITY = YES;
				ENABLE_USER_SCRIPT_SANDBOXING = YES;
				GCC_C_LANGUAGE_STANDARD = gnu17;
				GCC_DYNAMIC_NO_PIC = NO;
				GCC_NO_COMMON_BLOCKS = YES;
				GCC_OPTIMIZATION_LEVEL = 0;
				GCC_PREPROCESSOR_DEFINITIONS = (
					"DEBUG=1",
					"$(inherited)",
				);
				GCC_WARN_64_TO_32_BIT_CONVERSION = YES;
				GCC_WARN_ABOUT_RETURN_TYPE = YES_ERROR;
				GCC_WARN_UNDECLARED_SELECTOR = YES;
				GCC_WARN_UNINITIALIZED_AUTOS = YES_AGGRESSIVE;
				GCC_WARN_UNUSED_FUNCTION = YES;
				GCC_WARN_UNUSED_VARIABLE = YES;
				IPHONEOS_DEPLOYMENT_TARGET = 17.5;
				LOCALIZATION_PREFERS_STRING_CATALOGS = YES;
				MTL_ENABLE_DEBUG_INFO = INCLUDE_SOURCE;
				MTL_FAST_MATH = YES;
				ONLY_ACTIVE_ARCH = YES;
				SDKROOT = iphoneos;
				SWIFT_ACTIVE_COMPILATION_CONDITIONS = "DEBUG $(inherited)";
				SWIFT_OPTIMIZATION_LEVEL = "-Onone";
			};
			name = Debug;
		};
		F195630F2C808AE7005E81EC /* Release */ = {
			isa = XCBuildConfiguration;
			buildSettings = {
				ALWAYS_SEARCH_USER_PATHS = NO;
				ASSETCATALOG_COMPILER_GENERATE_SWIFT_ASSET_SYMBOL_EXTENSIONS = YES;
				CLANG_ANALYZER_NONNULL = YES;
				CLANG_ANALYZER_NUMBER_OBJECT_CONVERSION = YES_AGGRESSIVE;
				CLANG_CXX_LANGUAGE_STANDARD = "gnu++20";
				CLANG_ENABLE_MODULES = YES;
				CLANG_ENABLE_OBJC_ARC = YES;
				CLANG_ENABLE_OBJC_WEAK = YES;
				CLANG_WARN_BLOCK_CAPTURE_AUTORELEASING = YES;
				CLANG_WARN_BOOL_CONVERSION = YES;
				CLANG_WARN_COMMA = YES;
				CLANG_WARN_CONSTANT_CONVERSION = YES;
				CLANG_WARN_DEPRECATED_OBJC_IMPLEMENTATIONS = YES;
				CLANG_WARN_DIRECT_OBJC_ISA_USAGE = YES_ERROR;
				CLANG_WARN_DOCUMENTATION_COMMENTS = YES;
				CLANG_WARN_EMPTY_BODY = YES;
				CLANG_WARN_ENUM_CONVERSION = YES;
				CLANG_WARN_INFINITE_RECURSION = YES;
				CLANG_WARN_INT_CONVERSION = YES;
				CLANG_WARN_NON_LITERAL_NULL_CONVERSION = YES;
				CLANG_WARN_OBJC_IMPLICIT_RETAIN_SELF = YES;
				CLANG_WARN_OBJC_LITERAL_CONVERSION = YES;
				CLANG_WARN_OBJC_ROOT_CLASS = YES_ERROR;
				CLANG_WARN_QUOTED_INCLUDE_IN_FRAMEWORK_HEADER = YES;
				CLANG_WARN_RANGE_LOOP_ANALYSIS = YES;
				CLANG_WARN_STRICT_PROTOTYPES = YES;
				CLANG_WARN_SUSPICIOUS_MOVE = YES;
				CLANG_WARN_UNGUARDED_AVAILABILITY = YES_AGGRESSIVE;
				CLANG_WARN_UNREACHABLE_CODE = YES;
				CLANG_WARN__DUPLICATE_METHOD_MATCH = YES;
				COPY_PHASE_STRIP = NO;
				DEBUG_INFORMATION_FORMAT = "dwarf-with-dsym";
				ENABLE_NS_ASSERTIONS = NO;
				ENABLE_STRICT_OBJC_MSGSEND = YES;
				ENABLE_USER_SCRIPT_SANDBOXING = YES;
				GCC_C_LANGUAGE_STANDARD = gnu17;
				GCC_NO_COMMON_BLOCKS = YES;
				GCC_WARN_64_TO_32_BIT_CONVERSION = YES;
				GCC_WARN_ABOUT_RETURN_TYPE = YES_ERROR;
				GCC_WARN_UNDECLARED_SELECTOR = YES;
				GCC_WARN_UNINITIALIZED_AUTOS = YES_AGGRESSIVE;
				GCC_WARN_UNUSED_FUNCTION = YES;
				GCC_WARN_UNUSED_VARIABLE = YES;
				IPHONEOS_DEPLOYMENT_TARGET = 17.5;
				LOCALIZATION_PREFERS_STRING_CATALOGS = YES;
				MTL_ENABLE_DEBUG_INFO = NO;
				MTL_FAST_MATH = YES;
				SDKROOT = iphoneos;
				SWIFT_COMPILATION_MODE = wholemodule;
				VALIDATE_PRODUCT = YES;
			};
			name = Release;
		};
		F19563112C808AE7005E81EC /* Debug */ = {
			isa = XCBuildConfiguration;
			buildSettings = {
				ASSETCATALOG_COMPILER_APPICON_NAME = AppIcon;
				ASSETCATALOG_COMPILER_GLOBAL_ACCENT_COLOR_NAME = AccentColor;
				CODE_SIGN_STYLE = Automatic;
				CURRENT_PROJECT_VERSION = 1;
				DEVELOPMENT_ASSET_PATHS = "\"Restaurants/Preview Content\"";
				DEVELOPMENT_TEAM = 6L4GZV743V;
				ENABLE_PREVIEWS = YES;
				GENERATE_INFOPLIST_FILE = YES;
				INFOPLIST_KEY_UIApplicationSceneManifest_Generation = YES;
				INFOPLIST_KEY_UIApplicationSupportsIndirectInputEvents = YES;
				INFOPLIST_KEY_UILaunchScreen_Generation = YES;
				INFOPLIST_KEY_UISupportedInterfaceOrientations_iPad = "UIInterfaceOrientationPortrait UIInterfaceOrientationPortraitUpsideDown UIInterfaceOrientationLandscapeLeft UIInterfaceOrientationLandscapeRight";
				INFOPLIST_KEY_UISupportedInterfaceOrientations_iPhone = "UIInterfaceOrientationPortrait UIInterfaceOrientationLandscapeLeft UIInterfaceOrientationLandscapeRight";
				LD_RUNPATH_SEARCH_PATHS = (
					"$(inherited)",
					"@executable_path/Frameworks",
				);
				MARKETING_VERSION = 1.0;
				PRODUCT_BUNDLE_IDENTIFIER = com.drb.Restaurants;
				PRODUCT_NAME = "$(TARGET_NAME)";
				SWIFT_EMIT_LOC_STRINGS = YES;
				SWIFT_VERSION = 5.0;
				TARGETED_DEVICE_FAMILY = "1,2";
			};
			name = Debug;
		};
		F19563122C808AE7005E81EC /* Release */ = {
			isa = XCBuildConfiguration;
			buildSettings = {
				ASSETCATALOG_COMPILER_APPICON_NAME = AppIcon;
				ASSETCATALOG_COMPILER_GLOBAL_ACCENT_COLOR_NAME = AccentColor;
				CODE_SIGN_STYLE = Automatic;
				CURRENT_PROJECT_VERSION = 1;
				DEVELOPMENT_ASSET_PATHS = "\"Restaurants/Preview Content\"";
				DEVELOPMENT_TEAM = 6L4GZV743V;
				ENABLE_PREVIEWS = YES;
				GENERATE_INFOPLIST_FILE = YES;
				INFOPLIST_KEY_UIApplicationSceneManifest_Generation = YES;
				INFOPLIST_KEY_UIApplicationSupportsIndirectInputEvents = YES;
				INFOPLIST_KEY_UILaunchScreen_Generation = YES;
				INFOPLIST_KEY_UISupportedInterfaceOrientations_iPad = "UIInterfaceOrientationPortrait UIInterfaceOrientationPortraitUpsideDown UIInterfaceOrientationLandscapeLeft UIInterfaceOrientationLandscapeRight";
				INFOPLIST_KEY_UISupportedInterfaceOrientations_iPhone = "UIInterfaceOrientationPortrait UIInterfaceOrientationLandscapeLeft UIInterfaceOrientationLandscapeRight";
				LD_RUNPATH_SEARCH_PATHS = (
					"$(inherited)",
					"@executable_path/Frameworks",
				);
				MARKETING_VERSION = 1.0;
				PRODUCT_BUNDLE_IDENTIFIER = com.drb.Restaurants;
				PRODUCT_NAME = "$(TARGET_NAME)";
				SWIFT_EMIT_LOC_STRINGS = YES;
				SWIFT_VERSION = 5.0;
				TARGETED_DEVICE_FAMILY = "1,2";
			};
			name = Release;
		};
/* End XCBuildConfiguration section */

/* Begin XCConfigurationList section */
		F19562FD2C808AE6005E81EC /* Build configuration list for PBXProject "Restaurants" */ = {
			isa = XCConfigurationList;
			buildConfigurations = (
				F195630E2C808AE7005E81EC /* Debug */,
				F195630F2C808AE7005E81EC /* Release */,
			);
			defaultConfigurationIsVisible = 0;
			defaultConfigurationName = Release;
		};
		F19563102C808AE7005E81EC /* Build configuration list for PBXNativeTarget "Restaurants" */ = {
			isa = XCConfigurationList;
			buildConfigurations = (
				F19563112C808AE7005E81EC /* Debug */,
				F19563122C808AE7005E81EC /* Release */,
			);
			defaultConfigurationIsVisible = 0;
			defaultConfigurationName = Release;
		};
/* End XCConfigurationList section */
	};
	rootObject = F19562FA2C808AE6005E81EC /* Project object */;
}
